{
  "name": "ui_lib",
  "version": "1.0.0",
  "lockfileVersion": 3,
  "requires": true,
  "packages": {
    "": {
      "name": "ui_lib",
      "version": "1.0.0",
      "license": "ISC",
      "dependencies": {
        "data_lib": "file:data_lib-1.0.0.tgz"
      },
      "devDependencies": {
        "typescript": "^5.2.2"
      }
    },
    "node_modules/data_lib": {
      "version": "1.0.0",
      "resolved": "file:data_lib-1.0.0.tgz",
      "integrity": "sha512-oEpKIA+/xY3srm540jLwy4U8Sy7DV0fXyHpTwklSaFkExo1v7eBmhRwEP/c8bgDx+g5dCy8SvFGLyjI3Kt3I6w==",
      "license": "ISC"
    },
    "node_modules/typescript": {
      "version": "5.4.5",
      "resolved": "https://registry.npmjs.org/typescript/-/typescript-5.4.5.tgz",
      "integrity": "sha512-vcI4UpRgg81oIRUFwR0WSIHKt11nJ7SAVlYNIu+QpqeyXP+gpQJy/Z4+F0aGxSE4MqwjyXvW/TzgkLAx2AGHwQ==",
      "dev": true,
      "bin": {
        "tsc": "bin/tsc",
        "tsserver": "bin/tsserver"
      },
      "engines": {
        "node": ">=14.17"
      }
    }
  }
}
